
Microsoft Visual Studio Solution File, Format Version 12.00
# Visual Studio 15
VisualStudioVersion = 15.0.28307.106
MinimumVisualStudioVersion = 10.0.40219.1
Project("{FAE04EC0-301F-11D3-BF4B-00C04F79EFBC}") = "Pitos", "Pitos\Pitos.csproj", "{A17ADC05-D884-495A-A5AF-88991FED59BE}"
EndProject
Global
	GlobalSection(SolutionConfigurationPlatforms) = preSolution
		Debug|Any CPU = Debug|Any CPU
		Release|Any CPU = Release|Any CPU
	EndGlobalSection
	GlobalSection(ProjectConfigurationPlatforms) = postSolution
		{A17ADC05-D884-495A-A5AF-88991FED59BE}.Debug|Any CPU.ActiveCfg = Debug|Any CPU
		{A17ADC05-D884-495A-A5AF-88991FED59BE}.Debug|Any CPU.Build.0 = Debug|Any CPU
		{A17ADC05-D884-495A-A5AF-88991FED59BE}.Release|Any CPU.ActiveCfg = Release|Any CPU
		{A17ADC05-D884-495A-A5AF-88991FED59BE}.Release|Any CPU.Build.0 = Release|Any CPU
	EndGlobalSection
	GlobalSection(SolutionProperties) = preSolution
		HideSolutionNode = FALSE
	EndGlobalSection
	GlobalSection(ExtensibilityGlobals) = postSolution
		SolutionGuid = {C990352A-1C7C-43B1-BC9A-E85DE4350FC7}
	EndGlobalSection
EndGlobal
